{
  "name": "playingwithapis",
  "version": "1.0.0",
  "lockfileVersion": 3,
  "requires": true,
  "packages": {
    "": {
      "name": "playingwithapis",
      "version": "1.0.0",
      "license": "ISC",
      "dependencies": {
        "djs-commander": "^0.0.50"
      }
    },
    "node_modules/djs-commander": {
      "version": "0.0.50",
      "resolved": "https://registry.npmjs.org/djs-commander/-/djs-commander-0.0.50.tgz",
      "integrity": "sha512-WSo6d+LrrRNV1Nmwt5eIQYUmcw5qD0Ylk06qAh8j2mPY+qMfv0fUkNxkP/jeGsJMDs6HvhyU8evFULKB8CchuA=="
    }
  }
}
